// !$*UTF8*$!
{
	archiveVersion = 1;
	classes = {
	};
	objectVersion = 46;
	objects = {

/* Begin PBXBuildFile section */
		739CCE261A1B9970006EC43C /* main.m in Sources */ = {isa = PBXBuildFile; fileRef = 739CCE251A1B9970006EC43C /* main.m */; };
		739CCE291A1B9970006EC43C /* AppDelegate.m in Sources */ = {isa = PBXBuildFile; fileRef = 739CCE281A1B9970006EC43C /* AppDelegate.m */; };
		739CCE2C1A1B9970006EC43C /* ViewController.m in Sources */ = {isa = PBXBuildFile; fileRef = 739CCE2B1A1B9970006EC43C /* ViewController.m */; };
		739CCE2F1A1B9970006EC43C /* Main.storyboard in Resources */ = {isa = PBXBuildFile; fileRef = 739CCE2D1A1B9970006EC43C /* Main.storyboard */; };
		739CCE311A1B9970006EC43C /* Images.xcassets in Resources */ = {isa = PBXBuildFile; fileRef = 739CCE301A1B9970006EC43C /* Images.xcassets */; };
		739CCE341A1B9970006EC43C /* LaunchScreen.xib in Resources */ = {isa = PBXBuildFile; fileRef = 739CCE321A1B9970006EC43C /* LaunchScreen.xib */; };
		739CCE401A1B9970006EC43C /* AlertController___ObjCTests.m in Sources */ = {isa = PBXBuildFile; fileRef = 739CCE3F1A1B9970006EC43C /* AlertController___ObjCTests.m */; };
/* End PBXBuildFile section */

/* Begin PBXContainerItemProxy section */
		739CCE3A1A1B9970006EC43C /* PBXContainerItemProxy */ = {
			isa = PBXContainerItemProxy;
			containerPortal = 739CCE181A1B9970006EC43C /* Project object */;
			proxyType = 1;
			remoteGlobalIDString = 739CCE1F1A1B9970006EC43C;
			remoteInfo = "AlertController - ObjC";
		};
/* End PBXContainerItemProxy section */

/* Begin PBXFileReference section */
		739CCE201A1B9970006EC43C /* AlertController - ObjC.app */ = {isa = PBXFileReference; explicitFileType = wrapper.application; includeInIndex = 0; path = "AlertController - ObjC.app"; sourceTree = BUILT_PRODUCTS_DIR; };
		739CCE241A1B9970006EC43C /* Info.plist */ = {isa = PBXFileReference; lastKnownFileType = text.plist.xml; path = Info.plist; sourceTree = "<group>"; };
		739CCE251A1B9970006EC43C /* main.m */ = {isa = PBXFileReference; lastKnownFileType = sourcecode.c.objc; path = main.m; sourceTree = "<group>"; };
		739CCE271A1B9970006EC43C /* AppDelegate.h */ = {isa = PBXFileReference; lastKnownFileType = sourcecode.c.h; path = AppDelegate.h; sourceTree = "<group>"; };
		739CCE281A1B9970006EC43C /* AppDelegate.m */ = {isa = PBXFileReference; lastKnownFileType = sourcecode.c.objc; path = AppDelegate.m; sourceTree = "<group>"; };
		739CCE2A1A1B9970006EC43C /* ViewController.h */ = {isa = PBXFileReference; lastKnownFileType = sourcecode.c.h; path = ViewController.h; sourceTree = "<group>"; };
		739CCE2B1A1B9970006EC43C /* ViewController.m */ = {isa = PBXFileReference; lastKnownFileType = sourcecode.c.objc; path = ViewController.m; sourceTree = "<group>"; };
		739CCE2E1A1B9970006EC43C /* Base */ = {isa = PBXFileReference; lastKnownFileType = file.storyboard; name = Base; path = Base.lproj/Main.storyboard; sourceTree = "<group>"; };
		739CCE301A1B9970006EC43C /* Images.xcassets */ = {isa = PBXFileReference; lastKnownFileType = folder.assetcatalog; path = Images.xcassets; sourceTree = "<group>"; };
		739CCE331A1B9970006EC43C /* Base */ = {isa = PBXFileReference; lastKnownFileType = file.xib; name = Base; path = Base.lproj/LaunchScreen.xib; sourceTree = "<group>"; };
		739CCE391A1B9970006EC43C /* AlertController - ObjCTests.xctest */ = {isa = PBXFileReference; explicitFileType = wrapper.cfbundle; includeInIndex = 0; path = "AlertController - ObjCTests.xctest"; sourceTree = BUILT_PRODUCTS_DIR; };
		739CCE3E1A1B9970006EC43C /* Info.plist */ = {isa = PBXFileReference; lastKnownFileType = text.plist.xml; path = Info.plist; sourceTree = "<group>"; };
		739CCE3F1A1B9970006EC43C /* AlertController___ObjCTests.m */ = {isa = PBXFileReference; lastKnownFileType = sourcecode.c.objc; path = "AlertController___ObjCTests.m"; sourceTree = "<group>"; };
/* End PBXFileReference section */

/* Begin PBXFrameworksBuildPhase section */
		739CCE1D1A1B9970006EC43C /* Frameworks */ = {
			isa = PBXFrameworksBuildPhase;
			buildActionMask = 2147483647;
			files = (
			);
			runOnlyForDeploymentPostprocessing = 0;
		};
		739CCE361A1B9970006EC43C /* Frameworks */ = {
			isa = PBXFrameworksBuildPhase;
			buildActionMask = 2147483647;
			files = (
			);
			runOnlyForDeploymentPostprocessing = 0;
		};
/* End PBXFrameworksBuildPhase section */

/* Begin PBXGroup section */
		739CCE171A1B9970006EC43C = {
			isa = PBXGroup;
			children = (
				739CCE221A1B9970006EC43C /* AlertController - ObjC */,
				739CCE3C1A1B9970006EC43C /* AlertController - ObjCTests */,
				739CCE211A1B9970006EC43C /* Products */,
			);
			sourceTree = "<group>";
		};
		739CCE211A1B9970006EC43C /* Products */ = {
			isa = PBXGroup;
			children = (
				739CCE201A1B9970006EC43C /* AlertController - ObjC.app */,
				739CCE391A1B9970006EC43C /* AlertController - ObjCTests.xctest */,
			);
			name = Products;
			sourceTree = "<group>";
		};
		739CCE221A1B9970006EC43C /* AlertController - ObjC */ = {
			isa = PBXGroup;
			children = (
				739CCE271A1B9970006EC43C /* AppDelegate.h */,
				739CCE281A1B9970006EC43C /* AppDelegate.m */,
				739CCE2A1A1B9970006EC43C /* ViewController.h */,
				739CCE2B1A1B9970006EC43C /* ViewController.m */,
				739CCE2D1A1B9970006EC43C /* Main.storyboard */,
				739CCE301A1B9970006EC43C /* Images.xcassets */,
				739CCE321A1B9970006EC43C /* LaunchScreen.xib */,
				739CCE231A1B9970006EC43C /* Supporting Files */,
			);
			path = "AlertController - ObjC";
			sourceTree = "<group>";
		};
		739CCE231A1B9970006EC43C /* Supporting Files */ = {
			isa = PBXGroup;
			children = (
				739CCE241A1B9970006EC43C /* Info.plist */,
				739CCE251A1B9970006EC43C /* main.m */,
			);
			name = "Supporting Files";
			sourceTree = "<group>";
		};
		739CCE3C1A1B9970006EC43C /* AlertController - ObjCTests */ = {
			isa = PBXGroup;
			children = (
				739CCE3F1A1B9970006EC43C /* AlertController___ObjCTests.m */,
				739CCE3D1A1B9970006EC43C /* Supporting Files */,
			);
			path = "AlertController - ObjCTests";
			sourceTree = "<group>";
		};
		739CCE3D1A1B9970006EC43C /* Supporting Files */ = {
			isa = PBXGroup;
			children = (
				739CCE3E1A1B9970006EC43C /* Info.plist */,
			);
			name = "Supporting Files";
			sourceTree = "<group>";
		};
/* End PBXGroup section */

/* Begin PBXNativeTarget section */
		739CCE1F1A1B9970006EC43C /* AlertController - ObjC */ = {
			isa = PBXNativeTarget;
			buildConfigurationList = 739CCE431A1B9970006EC43C /* Build configuration list for PBXNativeTarget "AlertController - ObjC" */;
			buildPhases = (
				739CCE1C1A1B9970006EC43C /* Sources */,
				739CCE1D1A1B9970006EC43C /* Frameworks */,
				739CCE1E1A1B9970006EC43C /* Resources */,
			);
			buildRules = (
			);
			dependencies = (
			);
			name = "AlertController - ObjC";
			productName = "AlertController - ObjC";
			productReference = 739CCE201A1B9970006EC43C /* AlertController - ObjC.app */;
			productType = "com.apple.product-type.application";
		};
		739CCE381A1B9970006EC43C /* AlertController - ObjCTests */ = {
			isa = PBXNativeTarget;
			buildConfigurationList = 739CCE461A1B9970006EC43C /* Build configuration list for PBXNativeTarget "AlertController - ObjCTests" */;
			buildPhases = (
				739CCE351A1B9970006EC43C /* Sources */,
				739CCE361A1B9970006EC43C /* Frameworks */,
				739CCE371A1B9970006EC43C /* Resources */,
			);
			buildRules = (
			);
			dependencies = (
				739CCE3B1A1B9970006EC43C /* PBXTargetDependency */,
			);
			name = "AlertController - ObjCTests";
			productName = "AlertController - ObjCTests";
			productReference = 739CCE391A1B9970006EC43C /* AlertController - ObjCTests.xctest */;
			productType = "com.apple.product-type.bundle.unit-test";
		};
/* End PBXNativeTarget section */

/* Begin PBXProject section */
		739CCE181A1B9970006EC43C /* Project object */ = {
			isa = PBXProject;
			attributes = {
				LastUpgradeCheck = 0610;
				ORGANIZATIONNAME = "星夜暮晨";
				TargetAttributes = {
					739CCE1F1A1B9970006EC43C = {
						CreatedOnToolsVersion = 6.1;
					};
					739CCE381A1B9970006EC43C = {
						CreatedOnToolsVersion = 6.1;
						TestTargetID = 739CCE1F1A1B9970006EC43C;
					};
				};
			};
			buildConfigurationList = 739CCE1B1A1B9970006EC43C /* Build configuration list for PBXProject "AlertController - ObjC" */;
			compatibilityVersion = "Xcode 3.2";
			developmentRegion = English;
			hasScannedForEncodings = 0;
			knownRegions = (
				en,
				Base,
			);
			mainGroup = 739CCE171A1B9970006EC43C;
			productRefGroup = 739CCE211A1B9970006EC43C /* Products */;
			projectDirPath = "";
			projectRoot = "";
			targets = (
				739CCE1F1A1B9970006EC43C /* AlertController - ObjC */,
				739CCE381A1B9970006EC43C /* AlertController - ObjCTests */,
			);
		};
/* End PBXProject section */

/* Begin PBXResourcesBuildPhase section */
		739CCE1E1A1B9970006EC43C /* Resources */ = {
			isa = PBXResourcesBuildPhase;
			buildActionMask = 2147483647;
			files = (
				739CCE2F1A1B9970006EC43C /* Main.storyboard in Resources */,
				739CCE341A1B9970006EC43C /* LaunchScreen.xib in Resources */,
				739CCE311A1B9970006EC43C /* Images.xcassets in Resources */,
			);
			runOnlyForDeploymentPostprocessing = 0;
		};
		739CCE371A1B9970006EC43C /* Resources */ = {
			isa = PBXResourcesBuildPhase;
			buildActionMask = 2147483647;
			files = (
			);
			runOnlyForDeploymentPostprocessing = 0;
		};
/* End PBXResourcesBuildPhase section */

/* Begin PBXSourcesBuildPhase section */
		739CCE1C1A1B9970006EC43C /* Sources */ = {
			isa = PBXSourcesBuildPhase;
			buildActionMask = 2147483647;
			files = (
				739CCE2C1A1B9970006EC43C /* ViewController.m in Sources */,
				739CCE291A1B9970006EC43C /* AppDelegate.m in Sources */,
				739CCE261A1B9970006EC43C /* main.m in Sources */,
			);
			runOnlyForDeploymentPostprocessing = 0;
		};
		739CCE351A1B9970006EC43C /* Sources */ = {
			isa = PBXSourcesBuildPhase;
			buildActionMask = 2147483647;
			files = (
				739CCE401A1B9970006EC43C /* AlertController___ObjCTests.m in Sources */,
			);
			runOnlyForDeploymentPostprocessing = 0;
		};
/* End PBXSourcesBuildPhase section */

/* Begin PBXTargetDependency section */
		739CCE3B1A1B9970006EC43C /* PBXTargetDependency */ = {
			isa = PBXTargetDependency;
			target = 739CCE1F1A1B9970006EC43C /* AlertController - ObjC */;
			targetProxy = 739CCE3A1A1B9970006EC43C /* PBXContainerItemProxy */;
		};
/* End PBXTargetDependency section */

/* Begin PBXVariantGroup section */
		739CCE2D1A1B9970006EC43C /* Main.storyboard */ = {
			isa = PBXVariantGroup;
			children = (
				739CCE2E1A1B9970006EC43C /* Base */,
			);
			name = Main.storyboard;
			sourceTree = "<group>";
		};
		739CCE321A1B9970006EC43C /* LaunchScreen.xib */ = {
			isa = PBXVariantGroup;
			children = (
				739CCE331A1B9970006EC43C /* Base */,
			);
			name = LaunchScreen.xib;
			sourceTree = "<group>";
		};
/* End PBXVariantGroup section */

/* Begin XCBuildConfiguration section */
		739CCE411A1B9970006EC43C /* Debug */ = {
			isa = XCBuildConfiguration;
			buildSettings = {
				ALWAYS_SEARCH_USER_PATHS = NO;
				CLANG_CXX_LANGUAGE_STANDARD = "gnu++0x";
				CLANG_CXX_LIBRARY = "libc++";
				CLANG_ENABLE_MODULES = YES;
				CLANG_ENABLE_OBJC_ARC = YES;
				CLANG_WARN_BOOL_CONVERSION = YES;
				CLANG_WARN_CONSTANT_CONVERSION = YES;
				CLANG_WARN_DIRECT_OBJC_ISA_USAGE = YES_ERROR;
				CLANG_WARN_EMPTY_BODY = YES;
				CLANG_WARN_ENUM_CONVERSION = YES;
				CLANG_WARN_INT_CONVERSION = YES;
				CLANG_WARN_OBJC_ROOT_CLASS = YES_ERROR;
				CLANG_WARN_UNREACHABLE_CODE = YES;
				CLANG_WARN__DUPLICATE_METHOD_MATCH = YES;
				"CODE_SIGN_IDENTITY[sdk=iphoneos*]" = "iPhone Developer";
				COPY_PHASE_STRIP = NO;
				ENABLE_STRICT_OBJC_MSGSEND = YES;
				GCC_C_LANGUAGE_STANDARD = gnu99;
				GCC_DYNAMIC_NO_PIC = NO;
				GCC_OPTIMIZATION_LEVEL = 0;
				GCC_PREPROCESSOR_DEFINITIONS = (
					"DEBUG=1",
					"$(inherited)",
				);
				GCC_SYMBOLS_PRIVATE_EXTERN = NO;
				GCC_WARN_64_TO_32_BIT_CONVERSION = YES;
				GCC_WARN_ABOUT_RETURN_TYPE = YES_ERROR;
				GCC_WARN_UNDECLARED_SELECTOR = YES;
				GCC_WARN_UNINITIALIZED_AUTOS = YES_AGGRESSIVE;
				GCC_WARN_UNUSED_FUNCTION = YES;
				GCC_WARN_UNUSED_VARIABLE = YES;
				IPHONEOS_DEPLOYMENT_TARGET = 8.1;
				MTL_ENABLE_DEBUG_INFO = YES;
				ONLY_ACTIVE_ARCH = YES;
				SDKROOT = iphoneos;
				TARGETED_DEVICE_FAMILY = "1,2";
			};
			name = Debug;
		};
		739CCE421A1B9970006EC43C /* Release */ = {
			isa = XCBuildConfiguration;
			buildSettings = {
				ALWAYS_SEARCH_USER_PATHS = NO;
				CLANG_CXX_LANGUAGE_STANDARD = "gnu++0x";
				CLANG_CXX_LIBRARY = "libc++";
				CLANG_ENABLE_MODULES = YES;
				CLANG_ENABLE_OBJC_ARC = YES;
				CLANG_WARN_BOOL_CONVERSION = YES;
				CLANG_WARN_CONSTANT_CONVERSION = YES;
				CLANG_WARN_DIRECT_OBJC_ISA_USAGE = YES_ERROR;
				CLANG_WARN_EMPTY_BODY = YES;
				CLANG_WARN_ENUM_CONVERSION = YES;
				CLANG_WARN_INT_CONVERSION = YES;
				CLANG_WARN_OBJC_ROOT_CLASS = YES_ERROR;
				CLANG_WARN_UNREACHABLE_CODE = YES;
				CLANG_WARN__DUPLICATE_METHOD_MATCH = YES;
				"CODE_SIGN_IDENTITY[sdk=iphoneos*]" = "iPhone Developer";
				COPY_PHASE_STRIP = YES;
				ENABLE_NS_ASSERTIONS = NO;
				ENABLE_STRICT_OBJC_MSGSEND = YES;
				GCC_C_LANGUAGE_STANDARD = gnu99;
				GCC_WARN_64_TO_32_BIT_CONVERSION = YES;
				GCC_WARN_ABOUT_RETURN_TYPE = YES_ERROR;
				GCC_WARN_UNDECLARED_SELECTOR = YES;
				GCC_WARN_UNINITIALIZED_AUTOS = YES_AGGRESSIVE;
				GCC_WARN_UNUSED_FUNCTION = YES;
				GCC_WARN_UNUSED_VARIABLE = YES;
				IPHONEOS_DEPLOYMENT_TARGET = 8.1;
				MTL_ENABLE_DEBUG_INFO = NO;
				SDKROOT = iphoneos;
				TARGETED_DEVICE_FAMILY = "1,2";
				VALIDATE_PRODUCT = YES;
			};
			name = Release;
		};
		739CCE441A1B9970006EC43C /* Debug */ = {
			isa = XCBuildConfiguration;
			buildSettings = {
				ASSETCATALOG_COMPILER_APPICON_NAME = AppIcon;
				INFOPLIST_FILE = "AlertController - ObjC/Info.plist";
				LD_RUNPATH_SEARCH_PATHS = "$(inherited) @executable_path/Frameworks";
				PRODUCT_NAME = "$(TARGET_NAME)";
			};
			name = Debug;
		};
		739CCE451A1B9970006EC43C /* Release */ = {
			isa = XCBuildConfiguration;
			buildSettings = {
				ASSETCATALOG_COMPILER_APPICON_NAME = AppIcon;
				INFOPLIST_FILE = "AlertController - ObjC/Info.plist";
				LD_RUNPATH_SEARCH_PATHS = "$(inherited) @executable_path/Frameworks";
				PRODUCT_NAME = "$(TARGET_NAME)";
			};
			name = Release;
		};
		739CCE471A1B9970006EC43C /* Debug */ = {
			isa = XCBuildConfiguration;
			buildSettings = {
				BUNDLE_LOADER = "$(TEST_HOST)";
				FRAMEWORK_SEARCH_PATHS = (
					"$(SDKROOT)/Developer/Library/Frameworks",
					"$(inherited)",
				);
				GCC_PREPROCESSOR_DEFINITIONS = (
					"DEBUG=1",
					"$(inherited)",
				);
				INFOPLIST_FILE = "AlertController - ObjCTests/Info.plist";
				LD_RUNPATH_SEARCH_PATHS = "$(inherited) @executable_path/Frameworks @loader_path/Frameworks";
				PRODUCT_NAME = "$(TARGET_NAME)";
				TEST_HOST = "$(BUILT_PRODUCTS_DIR)/AlertController - ObjC.app/AlertController - ObjC";
			};
			name = Debug;
		};
		739CCE481A1B9970006EC43C /* Release */ = {
			isa = XCBuildConfiguration;
			buildSettings = {
				BUNDLE_LOADER = "$(TEST_HOST)";
				FRAMEWORK_SEARCH_PATHS = (
					"$(SDKROOT)/Developer/Library/Frameworks",
					"$(inherited)",
				);
				INFOPLIST_FILE = "AlertController - ObjCTests/Info.plist";
				LD_RUNPATH_SEARCH_PATHS = "$(inherited) @executable_path/Frameworks @loader_path/Frameworks";
				PRODUCT_NAME = "$(TARGET_NAME)";
				TEST_HOST = "$(BUILT_PRODUCTS_DIR)/AlertController - ObjC.app/AlertController - ObjC";
			};
			name = Release;
		};
/* End XCBuildConfiguration section */

/* Begin XCConfigurationList section */
		739CCE1B1A1B9970006EC43C /* Build configuration list for PBXProject "AlertController - ObjC" */ = {
			isa = XCConfigurationList;
			buildConfigurations = (
				739CCE411A1B9970006EC43C /* Debug */,
				739CCE421A1B9970006EC43C /* Release */,
			);
			defaultConfigurationIsVisible = 0;
			defaultConfigurationName = Release;
		};
		739CCE431A1B9970006EC43C /* Build configuration list for PBXNativeTarget "AlertController - ObjC" */ = {
			isa = XCConfigurationList;
			buildConfigurations = (
				739CCE441A1B9970006EC43C /* Debug */,
				739CCE451A1B9970006EC43C /* Release */,
			);
			defaultConfigurationIsVisible = 0;
		};
		739CCE461A1B9970006EC43C /* Build configuration list for PBXNativeTarget "AlertController - ObjCTests" */ = {
			isa = XCConfigurationList;
			buildConfigurations = (
				739CCE471A1B9970006EC43C /* Debug */,
				739CCE481A1B9970006EC43C /* Release */,
			);
			defaultConfigurationIsVisible = 0;
		};
/* End XCConfigurationList section */
	};
	rootObject = 739CCE181A1B9970006EC43C /* Project object */;
}
